
Microsoft Visual Studio Solution File, Format Version 12.00
# Visual Studio Version 16
VisualStudioVersion = 16.0.30104.148
MinimumVisualStudioVersion = 15.0.26124.0
Project("{FAE04EC0-301F-11D3-BF4B-00C04F79EFBC}") = "ExampleUploadFile.WebUI", "src\ExampleUploadFile.WebUI\ExampleUploadFile.WebUI.csproj", "{CA7929F4-9ED0-47A5-8B04-628142C46D75}"
EndProject
Global
	GlobalSection(SolutionConfigurationPlatforms) = preSolution
		Debug|Any CPU = Debug|Any CPU
		Debug|x64 = Debug|x64
		Debug|x86 = Debug|x86
		Release|Any CPU = Release|Any CPU
		Release|x64 = Release|x64
		Release|x86 = Release|x86
	EndGlobalSection
	GlobalSection(ProjectConfigurationPlatforms) = postSolution
		{CA7929F4-9ED0-47A5-8B04-628142C46D75}.Debug|Any CPU.ActiveCfg = Debug|Any CPU
		{CA7929F4-9ED0-47A5-8B04-628142C46D75}.Debug|Any CPU.Build.0 = Debug|Any CPU
		{CA7929F4-9ED0-47A5-8B04-628142C46D75}.Debug|x64.ActiveCfg = Debug|Any CPU
		{CA7929F4-9ED0-47A5-8B04-628142C46D75}.Debug|x64.Build.0 = Debug|Any CPU
		{CA7929F4-9ED0-47A5-8B04-628142C46D75}.Debug|x86.ActiveCfg = Debug|Any CPU
		{CA7929F4-9ED0-47A5-8B04-628142C46D75}.Debug|x86.Build.0 = Debug|Any CPU
		{CA7929F4-9ED0-47A5-8B04-628142C46D75}.Release|Any CPU.ActiveCfg = Release|Any CPU
		{CA7929F4-9ED0-47A5-8B04-628142C46D75}.Release|Any CPU.Build.0 = Release|Any CPU
		{CA7929F4-9ED0-47A5-8B04-628142C46D75}.Release|x64.ActiveCfg = Release|Any CPU
		{CA7929F4-9ED0-47A5-8B04-628142C46D75}.Release|x64.Build.0 = Release|Any CPU
		{CA7929F4-9ED0-47A5-8B04-628142C46D75}.Release|x86.ActiveCfg = Release|Any CPU
		{CA7929F4-9ED0-47A5-8B04-628142C46D75}.Release|x86.Build.0 = Release|Any CPU
	EndGlobalSection
	GlobalSection(SolutionProperties) = preSolution
		HideSolutionNode = FALSE
	EndGlobalSection
	GlobalSection(ExtensibilityGlobals) = postSolution
		SolutionGuid = {95637462-BC42-496F-BCF7-A285546F5A08}
	EndGlobalSection
EndGlobal
